// !$*UTF8*$!
{
	archiveVersion = 1;
	classes = {
	};
	objectVersion = 50;
	objects = {

/* Begin PBXBuildFile section */
		59FB97762089309300A54D91 /* AppDelegate.swift in Sources */ = {isa = PBXBuildFile; fileRef = 59FB97752089309300A54D91 /* AppDelegate.swift */; };
		59FB97782089309300A54D91 /* ViewController.swift in Sources */ = {isa = PBXBuildFile; fileRef = 59FB97772089309300A54D91 /* ViewController.swift */; };
		59FB977B2089309300A54D91 /* Main.storyboard in Resources */ = {isa = PBXBuildFile; fileRef = 59FB97792089309300A54D91 /* Main.storyboard */; };
		59FB977D2089309300A54D91 /* Assets.xcassets in Resources */ = {isa = PBXBuildFile; fileRef = 59FB977C2089309300A54D91 /* Assets.xcassets */; };
		59FB97802089309300A54D91 /* LaunchScreen.storyboard in Resources */ = {isa = PBXBuildFile; fileRef = 59FB977E2089309300A54D91 /* LaunchScreen.storyboard */; };
		59FB978B2089309400A54D91 /* JibeTests.swift in Sources */ = {isa = PBXBuildFile; fileRef = 59FB978A2089309400A54D91 /* JibeTests.swift */; };
		59FB97962089309400A54D91 /* JibeUITests.swift in Sources */ = {isa = PBXBuildFile; fileRef = 59FB97952089309400A54D91 /* JibeUITests.swift */; };
/* End PBXBuildFile section */

/* Begin PBXContainerItemProxy section */
		59FB97872089309400A54D91 /* PBXContainerItemProxy */ = {
			isa = PBXContainerItemProxy;
			containerPortal = 59FB976A2089309300A54D91 /* Project object */;
			proxyType = 1;
			remoteGlobalIDString = 59FB97712089309300A54D91;
			remoteInfo = Jibe;
		};
		59FB97922089309400A54D91 /* PBXContainerItemProxy */ = {
			isa = PBXContainerItemProxy;
			containerPortal = 59FB976A2089309300A54D91 /* Project object */;
			proxyType = 1;
			remoteGlobalIDString = 59FB97712089309300A54D91;
			remoteInfo = Jibe;
		};
/* End PBXContainerItemProxy section */

/* Begin PBXFileReference section */
		59FB97722089309300A54D91 /* Jibe.app */ = {isa = PBXFileReference; explicitFileType = wrapper.application; includeInIndex = 0; path = Jibe.app; sourceTree = BUILT_PRODUCTS_DIR; };
		59FB97752089309300A54D91 /* AppDelegate.swift */ = {isa = PBXFileReference; lastKnownFileType = sourcecode.swift; path = AppDelegate.swift; sourceTree = "<group>"; };
		59FB97772089309300A54D91 /* ViewController.swift */ = {isa = PBXFileReference; lastKnownFileType = sourcecode.swift; path = ViewController.swift; sourceTree = "<group>"; };
		59FB977A2089309300A54D91 /* Base */ = {isa = PBXFileReference; lastKnownFileType = file.storyboard; name = Base; path = Base.lproj/Main.storyboard; sourceTree = "<group>"; };
		59FB977C2089309300A54D91 /* Assets.xcassets */ = {isa = PBXFileReference; lastKnownFileType = folder.assetcatalog; path = Assets.xcassets; sourceTree = "<group>"; };
		59FB977F2089309300A54D91 /* Base */ = {isa = PBXFileReference; lastKnownFileType = file.storyboard; name = Base; path = Base.lproj/LaunchScreen.storyboard; sourceTree = "<group>"; };
		59FB97812089309300A54D91 /* Info.plist */ = {isa = PBXFileReference; lastKnownFileType = text.plist.xml; path = Info.plist; sourceTree = "<group>"; };
		59FB97862089309400A54D91 /* JibeTests.xctest */ = {isa = PBXFileReference; explicitFileType = wrapper.cfbundle; includeInIndex = 0; path = JibeTests.xctest; sourceTree = BUILT_PRODUCTS_DIR; };
		59FB978A2089309400A54D91 /* JibeTests.swift */ = {isa = PBXFileReference; lastKnownFileType = sourcecode.swift; path = JibeTests.swift; sourceTree = "<group>"; };
		59FB978C2089309400A54D91 /* Info.plist */ = {isa = PBXFileReference; lastKnownFileType = text.plist.xml; path = Info.plist; sourceTree = "<group>"; };
		59FB97912089309400A54D91 /* JibeUITests.xctest */ = {isa = PBXFileReference; explicitFileType = wrapper.cfbundle; includeInIndex = 0; path = JibeUITests.xctest; sourceTree = BUILT_PRODUCTS_DIR; };
		59FB97952089309400A54D91 /* JibeUITests.swift */ = {isa = PBXFileReference; lastKnownFileType = sourcecode.swift; path = JibeUITests.swift; sourceTree = "<group>"; };
		59FB97972089309400A54D91 /* Info.plist */ = {isa = PBXFileReference; lastKnownFileType = text.plist.xml; path = Info.plist; sourceTree = "<group>"; };
/* End PBXFileReference section */

/* Begin PBXFrameworksBuildPhase section */
		59FB976F2089309300A54D91 /* Frameworks */ = {
			isa = PBXFrameworksBuildPhase;
			buildActionMask = 2147483647;
			files = (
			);
			runOnlyForDeploymentPostprocessing = 0;
		};
		59FB97832089309400A54D91 /* Frameworks */ = {
			isa = PBXFrameworksBuildPhase;
			buildActionMask = 2147483647;
			files = (
			);
			runOnlyForDeploymentPostprocessing = 0;
		};
		59FB978E2089309400A54D91 /* Frameworks */ = {
			isa = PBXFrameworksBuildPhase;
			buildActionMask = 2147483647;
			files = (
			);
			runOnlyForDeploymentPostprocessing = 0;
		};
/* End PBXFrameworksBuildPhase section */

/* Begin PBXGroup section */
		59FB97692089309300A54D91 = {
			isa = PBXGroup;
			children = (
				59FB97742089309300A54D91 /* Jibe */,
				59FB97892089309400A54D91 /* JibeTests */,
				59FB97942089309400A54D91 /* JibeUITests */,
				59FB97732089309300A54D91 /* Products */,
			);
			sourceTree = "<group>";
		};
		59FB97732089309300A54D91 /* Products */ = {
			isa = PBXGroup;
			children = (
				59FB97722089309300A54D91 /* Jibe.app */,
				59FB97862089309400A54D91 /* JibeTests.xctest */,
				59FB97912089309400A54D91 /* JibeUITests.xctest */,
			);
			name = Products;
			sourceTree = "<group>";
		};
		59FB97742089309300A54D91 /* Jibe */ = {
			isa = PBXGroup;
			children = (
				59FB97752089309300A54D91 /* AppDelegate.swift */,
				59FB97772089309300A54D91 /* ViewController.swift */,
				59FB97792089309300A54D91 /* Main.storyboard */,
				59FB977C2089309300A54D91 /* Assets.xcassets */,
				59FB977E2089309300A54D91 /* LaunchScreen.storyboard */,
				59FB97812089309300A54D91 /* Info.plist */,
			);
			path = Jibe;
			sourceTree = "<group>";
		};
		59FB97892089309400A54D91 /* JibeTests */ = {
			isa = PBXGroup;
			children = (
				59FB978A2089309400A54D91 /* JibeTests.swift */,
				59FB978C2089309400A54D91 /* Info.plist */,
			);
			path = JibeTests;
			sourceTree = "<group>";
		};
		59FB97942089309400A54D91 /* JibeUITests */ = {
			isa = PBXGroup;
			children = (
				59FB97952089309400A54D91 /* JibeUITests.swift */,
				59FB97972089309400A54D91 /* Info.plist */,
			);
			path = JibeUITests;
			sourceTree = "<group>";
		};
/* End PBXGroup section */

/* Begin PBXNativeTarget section */
		59FB97712089309300A54D91 /* Jibe */ = {
			isa = PBXNativeTarget;
			buildConfigurationList = 59FB979A2089309400A54D91 /* Build configuration list for PBXNativeTarget "Jibe" */;
			buildPhases = (
				59FB976E2089309300A54D91 /* Sources */,
				59FB976F2089309300A54D91 /* Frameworks */,
				59FB97702089309300A54D91 /* Resources */,
			);
			buildRules = (
			);
			dependencies = (
			);
			name = Jibe;
			productName = Jibe;
			productReference = 59FB97722089309300A54D91 /* Jibe.app */;
			productType = "com.apple.product-type.application";
		};
		59FB97852089309400A54D91 /* JibeTests */ = {
			isa = PBXNativeTarget;
			buildConfigurationList = 59FB979D2089309400A54D91 /* Build configuration list for PBXNativeTarget "JibeTests" */;
			buildPhases = (
				59FB97822089309400A54D91 /* Sources */,
				59FB97832089309400A54D91 /* Frameworks */,
				59FB97842089309400A54D91 /* Resources */,
			);
			buildRules = (
			);
			dependencies = (
				59FB97882089309400A54D91 /* PBXTargetDependency */,
			);
			name = JibeTests;
			productName = JibeTests;
			productReference = 59FB97862089309400A54D91 /* JibeTests.xctest */;
			productType = "com.apple.product-type.bundle.unit-test";
		};
		59FB97902089309400A54D91 /* JibeUITests */ = {
			isa = PBXNativeTarget;
			buildConfigurationList = 59FB97A02089309400A54D91 /* Build configuration list for PBXNativeTarget "JibeUITests" */;
			buildPhases = (
				59FB978D2089309400A54D91 /* Sources */,
				59FB978E2089309400A54D91 /* Frameworks */,
				59FB978F2089309400A54D91 /* Resources */,
			);
			buildRules = (
			);
			dependencies = (
				59FB97932089309400A54D91 /* PBXTargetDependency */,
			);
			name = JibeUITests;
			productName = JibeUITests;
			productReference = 59FB97912089309400A54D91 /* JibeUITests.xctest */;
			productType = "com.apple.product-type.bundle.ui-testing";
		};
/* End PBXNativeTarget section */

/* Begin PBXProject section */
		59FB976A2089309300A54D91 /* Project object */ = {
			isa = PBXProject;
			attributes = {
				LastSwiftUpdateCheck = 0930;
				LastUpgradeCheck = 0930;
				ORGANIZATIONNAME = "Rob Prior";
				TargetAttributes = {
					59FB97712089309300A54D91 = {
						CreatedOnToolsVersion = 9.3;
					};
					59FB97852089309400A54D91 = {
						CreatedOnToolsVersion = 9.3;
						TestTargetID = 59FB97712089309300A54D91;
					};
					59FB97902089309400A54D91 = {
						CreatedOnToolsVersion = 9.3;
						TestTargetID = 59FB97712089309300A54D91;
					};
				};
			};
			buildConfigurationList = 59FB976D2089309300A54D91 /* Build configuration list for PBXProject "Jibe" */;
			compatibilityVersion = "Xcode 9.3";
			developmentRegion = en;
			hasScannedForEncodings = 0;
			knownRegions = (
				en,
				Base,
			);
			mainGroup = 59FB97692089309300A54D91;
			productRefGroup = 59FB97732089309300A54D91 /* Products */;
			projectDirPath = "";
			projectRoot = "";
			targets = (
				59FB97712089309300A54D91 /* Jibe */,
				59FB97852089309400A54D91 /* JibeTests */,
				59FB97902089309400A54D91 /* JibeUITests */,
			);
		};
/* End PBXProject section */

/* Begin PBXResourcesBuildPhase section */
		59FB97702089309300A54D91 /* Resources */ = {
			isa = PBXResourcesBuildPhase;
			buildActionMask = 2147483647;
			files = (
				59FB97802089309300A54D91 /* LaunchScreen.storyboard in Resources */,
				59FB977D2089309300A54D91 /* Assets.xcassets in Resources */,
				59FB977B2089309300A54D91 /* Main.storyboard in Resources */,
			);
			runOnlyForDeploymentPostprocessing = 0;
		};
		59FB97842089309400A54D91 /* Resources */ = {
			isa = PBXResourcesBuildPhase;
			buildActionMask = 2147483647;
			files = (
			);
			runOnlyForDeploymentPostprocessing = 0;
		};
		59FB978F2089309400A54D91 /* Resources */ = {
			isa = PBXResourcesBuildPhase;
			buildActionMask = 2147483647;
			files = (
			);
			runOnlyForDeploymentPostprocessing = 0;
		};
/* End PBXResourcesBuildPhase section */

/* Begin PBXSourcesBuildPhase section */
		59FB976E2089309300A54D91 /* Sources */ = {
			isa = PBXSourcesBuildPhase;
			buildActionMask = 2147483647;
			files = (
				59FB97782089309300A54D91 /* ViewController.swift in Sources */,
				59FB97762089309300A54D91 /* AppDelegate.swift in Sources */,
			);
			runOnlyForDeploymentPostprocessing = 0;
		};
		59FB97822089309400A54D91 /* Sources */ = {
			isa = PBXSourcesBuildPhase;
			buildActionMask = 2147483647;
			files = (
				59FB978B2089309400A54D91 /* JibeTests.swift in Sources */,
			);
			runOnlyForDeploymentPostprocessing = 0;
		};
		59FB978D2089309400A54D91 /* Sources */ = {
			isa = PBXSourcesBuildPhase;
			buildActionMask = 2147483647;
			files = (
				59FB97962089309400A54D91 /* JibeUITests.swift in Sources */,
			);
			runOnlyForDeploymentPostprocessing = 0;
		};
/* End PBXSourcesBuildPhase section */

/* Begin PBXTargetDependency section */
		59FB97882089309400A54D91 /* PBXTargetDependency */ = {
			isa = PBXTargetDependency;
			target = 59FB97712089309300A54D91 /* Jibe */;
			targetProxy = 59FB97872089309400A54D91 /* PBXContainerItemProxy */;
		};
		59FB97932089309400A54D91 /* PBXTargetDependency */ = {
			isa = PBXTargetDependency;
			target = 59FB97712089309300A54D91 /* Jibe */;
			targetProxy = 59FB97922089309400A54D91 /* PBXContainerItemProxy */;
		};
/* End PBXTargetDependency section */

/* Begin PBXVariantGroup section */
		59FB97792089309300A54D91 /* Main.storyboard */ = {
			isa = PBXVariantGroup;
			children = (
				59FB977A2089309300A54D91 /* Base */,
			);
			name = Main.storyboard;
			sourceTree = "<group>";
		};
		59FB977E2089309300A54D91 /* LaunchScreen.storyboard */ = {
			isa = PBXVariantGroup;
			children = (
				59FB977F2089309300A54D91 /* Base */,
			);
			name = LaunchScreen.storyboard;
			sourceTree = "<group>";
		};
/* End PBXVariantGroup section */

/* Begin XCBuildConfiguration section */
		59FB97982089309400A54D91 /* Debug */ = {
			isa = XCBuildConfiguration;
			buildSettings = {
				ALWAYS_SEARCH_USER_PATHS = NO;
				CLANG_ANALYZER_NONNULL = YES;
				CLANG_ANALYZER_NUMBER_OBJECT_CONVERSION = YES_AGGRESSIVE;
				CLANG_CXX_LANGUAGE_STANDARD = "gnu++14";
				CLANG_CXX_LIBRARY = "libc++";
				CLANG_ENABLE_MODULES = YES;
				CLANG_ENABLE_OBJC_ARC = YES;
				CLANG_ENABLE_OBJC_WEAK = YES;
				CLANG_WARN_BLOCK_CAPTURE_AUTORELEASING = YES;
				CLANG_WARN_BOOL_CONVERSION = YES;
				CLANG_WARN_COMMA = YES;
				CLANG_WARN_CONSTANT_CONVERSION = YES;
				CLANG_WARN_DEPRECATED_OBJC_IMPLEMENTATIONS = YES;
				CLANG_WARN_DIRECT_OBJC_ISA_USAGE = YES_ERROR;
				CLANG_WARN_DOCUMENTATION_COMMENTS = YES;
				CLANG_WARN_EMPTY_BODY = YES;
				CLANG_WARN_ENUM_CONVERSION = YES;
				CLANG_WARN_INFINITE_RECURSION = YES;
				CLANG_WARN_INT_CONVERSION = YES;
				CLANG_WARN_NON_LITERAL_NULL_CONVERSION = YES;
				CLANG_WARN_OBJC_IMPLICIT_RETAIN_SELF = YES;
				CLANG_WARN_OBJC_LITERAL_CONVERSION = YES;
				CLANG_WARN_OBJC_ROOT_CLASS = YES_ERROR;
				CLANG_WARN_RANGE_LOOP_ANALYSIS = YES;
				CLANG_WARN_STRICT_PROTOTYPES = YES;
				CLANG_WARN_SUSPICIOUS_MOVE = YES;
				CLANG_WARN_UNGUARDED_AVAILABILITY = YES_AGGRESSIVE;
				CLANG_WARN_UNREACHABLE_CODE = YES;
				CLANG_WARN__DUPLICATE_METHOD_MATCH = YES;
				CODE_SIGN_IDENTITY = "iPhone Developer";
				COPY_PHASE_STRIP = NO;
				DEBUG_INFORMATION_FORMAT = dwarf;
				ENABLE_STRICT_OBJC_MSGSEND = YES;
				ENABLE_TESTABILITY = YES;
				GCC_C_LANGUAGE_STANDARD = gnu11;
				GCC_DYNAMIC_NO_PIC = NO;
				GCC_NO_COMMON_BLOCKS = YES;
				GCC_OPTIMIZATION_LEVEL = 0;
				GCC_PREPROCESSOR_DEFINITIONS = (
					"DEBUG=1",
					"$(inherited)",
				);
				GCC_WARN_64_TO_32_BIT_CONVERSION = YES;
				GCC_WARN_ABOUT_RETURN_TYPE = YES_ERROR;
				GCC_WARN_UNDECLARED_SELECTOR = YES;
				GCC_WARN_UNINITIALIZED_AUTOS = YES_AGGRESSIVE;
				GCC_WARN_UNUSED_FUNCTION = YES;
				GCC_WARN_UNUSED_VARIABLE = YES;
				IPHONEOS_DEPLOYMENT_TARGET = 11.3;
				MTL_ENABLE_DEBUG_INFO = YES;
				ONLY_ACTIVE_ARCH = YES;
				SDKROOT = iphoneos;
				SWIFT_ACTIVE_COMPILATION_CONDITIONS = DEBUG;
				SWIFT_OPTIMIZATION_LEVEL = "-Onone";
			};
			name = Debug;
		};
		59FB97992089309400A54D91 /* Release */ = {
			isa = XCBuildConfiguration;
			buildSettings = {
				ALWAYS_SEARCH_USER_PATHS = NO;
				CLANG_ANALYZER_NONNULL = YES;
				CLANG_ANALYZER_NUMBER_OBJECT_CONVERSION = YES_AGGRESSIVE;
				CLANG_CXX_LANGUAGE_STANDARD = "gnu++14";
				CLANG_CXX_LIBRARY = "libc++";
				CLANG_ENABLE_MODULES = YES;
				CLANG_ENABLE_OBJC_ARC = YES;
				CLANG_ENABLE_OBJC_WEAK = YES;
				CLANG_WARN_BLOCK_CAPTURE_AUTORELEASING = YES;
				CLANG_WARN_BOOL_CONVERSION = YES;
				CLANG_WARN_COMMA = YES;
				CLANG_WARN_CONSTANT_CONVERSION = YES;
				CLANG_WARN_DEPRECATED_OBJC_IMPLEMENTATIONS = YES;
				CLANG_WARN_DIRECT_OBJC_ISA_USAGE = YES_ERROR;
				CLANG_WARN_DOCUMENTATION_COMMENTS = YES;
				CLANG_WARN_EMPTY_BODY = YES;
				CLANG_WARN_ENUM_CONVERSION = YES;
				CLANG_WARN_INFINITE_RECURSION = YES;
				CLANG_WARN_INT_CONVERSION = YES;
				CLANG_WARN_NON_LITERAL_NULL_CONVERSION = YES;
				CLANG_WARN_OBJC_IMPLICIT_RETAIN_SELF = YES;
				CLANG_WARN_OBJC_LITERAL_CONVERSION = YES;
				CLANG_WARN_OBJC_ROOT_CLASS = YES_ERROR;
				CLANG_WARN_RANGE_LOOP_ANALYSIS = YES;
				CLANG_WARN_STRICT_PROTOTYPES = YES;
				CLANG_WARN_SUSPICIOUS_MOVE = YES;
				CLANG_WARN_UNGUARDED_AVAILABILITY = YES_AGGRESSIVE;
				CLANG_WARN_UNREACHABLE_CODE = YES;
				CLANG_WARN__DUPLICATE_METHOD_MATCH = YES;
				CODE_SIGN_IDENTITY = "iPhone Developer";
				COPY_PHASE_STRIP = NO;
				DEBUG_INFORMATION_FORMAT = "dwarf-with-dsym";
				ENABLE_NS_ASSERTIONS = NO;
				ENABLE_STRICT_OBJC_MSGSEND = YES;
				GCC_C_LANGUAGE_STANDARD = gnu11;
				GCC_NO_COMMON_BLOCKS = YES;
				GCC_WARN_64_TO_32_BIT_CONVERSION = YES;
				GCC_WARN_ABOUT_RETURN_TYPE = YES_ERROR;
				GCC_WARN_UNDECLARED_SELECTOR = YES;
				GCC_WARN_UNINITIALIZED_AUTOS = YES_AGGRESSIVE;
				GCC_WARN_UNUSED_FUNCTION = YES;
				GCC_WARN_UNUSED_VARIABLE = YES;
				IPHONEOS_DEPLOYMENT_TARGET = 11.3;
				MTL_ENABLE_DEBUG_INFO = NO;
				SDKROOT = iphoneos;
				SWIFT_COMPILATION_MODE = wholemodule;
				SWIFT_OPTIMIZATION_LEVEL = "-O";
				VALIDATE_PRODUCT = YES;
			};
			name = Release;
		};
		59FB979B2089309400A54D91 /* Debug */ = {
			isa = XCBuildConfiguration;
			buildSettings = {
				ASSETCATALOG_COMPILER_APPICON_NAME = AppIcon;
				CODE_SIGN_STYLE = Automatic;
				DEVELOPMENT_TEAM = TL22XCB27L;
				INFOPLIST_FILE = Jibe/Info.plist;
				LD_RUNPATH_SEARCH_PATHS = (
					"$(inherited)",
					"@executable_path/Frameworks",
				);
				PRODUCT_BUNDLE_IDENTIFIER = com.Jibe;
				PRODUCT_NAME = "$(TARGET_NAME)";
				SWIFT_VERSION = 4.0;
				TARGETED_DEVICE_FAMILY = "1,2";
			};
			name = Debug;
		};
		59FB979C2089309400A54D91 /* Release */ = {
			isa = XCBuildConfiguration;
			buildSettings = {
				ASSETCATALOG_COMPILER_APPICON_NAME = AppIcon;
				CODE_SIGN_STYLE = Automatic;
				DEVELOPMENT_TEAM = TL22XCB27L;
				INFOPLIST_FILE = Jibe/Info.plist;
				LD_RUNPATH_SEARCH_PATHS = (
					"$(inherited)",
					"@executable_path/Frameworks",
				);
				PRODUCT_BUNDLE_IDENTIFIER = com.Jibe;
				PRODUCT_NAME = "$(TARGET_NAME)";
				SWIFT_VERSION = 4.0;
				TARGETED_DEVICE_FAMILY = "1,2";
			};
			name = Release;
		};
		59FB979E2089309400A54D91 /* Debug */ = {
			isa = XCBuildConfiguration;
			buildSettings = {
				ALWAYS_EMBED_SWIFT_STANDARD_LIBRARIES = YES;
				BUNDLE_LOADER = "$(TEST_HOST)";
				CODE_SIGN_STYLE = Automatic;
				DEVELOPMENT_TEAM = TL22XCB27L;
				INFOPLIST_FILE = JibeTests/Info.plist;
				LD_RUNPATH_SEARCH_PATHS = (
					"$(inherited)",
					"@executable_path/Frameworks",
					"@loader_path/Frameworks",
				);
				PRODUCT_BUNDLE_IDENTIFIER = com.JibeTests;
				PRODUCT_NAME = "$(TARGET_NAME)";
				SWIFT_VERSION = 4.0;
				TARGETED_DEVICE_FAMILY = "1,2";
				TEST_HOST = "$(BUILT_PRODUCTS_DIR)/Jibe.app/Jibe";
			};
			name = Debug;
		};
		59FB979F2089309400A54D91 /* Release */ = {
			isa = XCBuildConfiguration;
			buildSettings = {
				ALWAYS_EMBED_SWIFT_STANDARD_LIBRARIES = YES;
				BUNDLE_LOADER = "$(TEST_HOST)";
				CODE_SIGN_STYLE = Automatic;
				DEVELOPMENT_TEAM = TL22XCB27L;
				INFOPLIST_FILE = JibeTests/Info.plist;
				LD_RUNPATH_SEARCH_PATHS = (
					"$(inherited)",
					"@executable_path/Frameworks",
					"@loader_path/Frameworks",
				);
				PRODUCT_BUNDLE_IDENTIFIER = com.JibeTests;
				PRODUCT_NAME = "$(TARGET_NAME)";
				SWIFT_VERSION = 4.0;
				TARGETED_DEVICE_FAMILY = "1,2";
				TEST_HOST = "$(BUILT_PRODUCTS_DIR)/Jibe.app/Jibe";
			};
			name = Release;
		};
		59FB97A12089309400A54D91 /* Debug */ = {
			isa = XCBuildConfiguration;
			buildSettings = {
				ALWAYS_EMBED_SWIFT_STANDARD_LIBRARIES = YES;
				CODE_SIGN_STYLE = Automatic;
				DEVELOPMENT_TEAM = TL22XCB27L;
				INFOPLIST_FILE = JibeUITests/Info.plist;
				LD_RUNPATH_SEARCH_PATHS = (
					"$(inherited)",
					"@executable_path/Frameworks",
					"@loader_path/Frameworks",
				);
				PRODUCT_BUNDLE_IDENTIFIER = com.JibeUITests;
				PRODUCT_NAME = "$(TARGET_NAME)";
				SWIFT_VERSION = 4.0;
				TARGETED_DEVICE_FAMILY = "1,2";
				TEST_TARGET_NAME = Jibe;
			};
			name = Debug;
		};
		59FB97A22089309400A54D91 /* Release */ = {
			isa = XCBuildConfiguration;
			buildSettings = {
				ALWAYS_EMBED_SWIFT_STANDARD_LIBRARIES = YES;
				CODE_SIGN_STYLE = Automatic;
				DEVELOPMENT_TEAM = TL22XCB27L;
				INFOPLIST_FILE = JibeUITests/Info.plist;
				LD_RUNPATH_SEARCH_PATHS = (
					"$(inherited)",
					"@executable_path/Frameworks",
					"@loader_path/Frameworks",
				);
				PRODUCT_BUNDLE_IDENTIFIER = com.JibeUITests;
				PRODUCT_NAME = "$(TARGET_NAME)";
				SWIFT_VERSION = 4.0;
				TARGETED_DEVICE_FAMILY = "1,2";
				TEST_TARGET_NAME = Jibe;
			};
			name = Release;
		};
/* End XCBuildConfiguration section */

/* Begin XCConfigurationList section */
		59FB976D2089309300A54D91 /* Build configuration list for PBXProject "Jibe" */ = {
			isa = XCConfigurationList;
			buildConfigurations = (
				59FB97982089309400A54D91 /* Debug */,
				59FB97992089309400A54D91 /* Release */,
			);
			defaultConfigurationIsVisible = 0;
			defaultConfigurationName = Release;
		};
		59FB979A2089309400A54D91 /* Build configuration list for PBXNativeTarget "Jibe" */ = {
			isa = XCConfigurationList;
			buildConfigurations = (
				59FB979B2089309400A54D91 /* Debug */,
				59FB979C2089309400A54D91 /* Release */,
			);
			defaultConfigurationIsVisible = 0;
			defaultConfigurationName = Release;
		};
		59FB979D2089309400A54D91 /* Build configuration list for PBXNativeTarget "JibeTests" */ = {
			isa = XCConfigurationList;
			buildConfigurations = (
				59FB979E2089309400A54D91 /* Debug */,
				59FB979F2089309400A54D91 /* Release */,
			);
			defaultConfigurationIsVisible = 0;
			defaultConfigurationName = Release;
		};
		59FB97A02089309400A54D91 /* Build configuration list for PBXNativeTarget "JibeUITests" */ = {
			isa = XCConfigurationList;
			buildConfigurations = (
				59FB97A12089309400A54D91 /* Debug */,
				59FB97A22089309400A54D91 /* Release */,
			);
			defaultConfigurationIsVisible = 0;
			defaultConfigurationName = Release;
		};
/* End XCConfigurationList section */
	};
	rootObject = 59FB976A2089309300A54D91 /* Project object */;
}
